
Microsoft Visual Studio Solution File, Format Version 12.00
# Visual Studio Version 17
VisualStudioVersion = 17.2.32630.192
MinimumVisualStudioVersion = 10.0.40219.1
Project("{9A19103F-16F7-4668-BE54-9A1E7A4F7556}") = "1Remote.Security", "1Remote.Security\1Remote.Security.csproj", "{B42494D1-E1D8-4454-BA78-5F9EFA0724AE}"
EndProject
Project("{FAE04EC0-301F-11D3-BF4B-00C04F79EFBC}") = "1Remote.SecurityTests", "1Remote.SecurityTests\1Remote.SecurityTests.csproj", "{5F7D1BC4-6CC0-4B9D-A549-CB9C7FFDF0F0}"
EndProject
Global
	GlobalSection(SolutionConfigurationPlatforms) = preSolution
		Debug|Any CPU = Debug|Any CPU
		Release|Any CPU = Release|Any CPU
	EndGlobalSection
	GlobalSection(ProjectConfigurationPlatforms) = postSolution
		{B42494D1-E1D8-4454-BA78-5F9EFA0724AE}.Debug|Any CPU.ActiveCfg = Debug|Any CPU
		{B42494D1-E1D8-4454-BA78-5F9EFA0724AE}.Debug|Any CPU.Build.0 = Debug|Any CPU
		{B42494D1-E1D8-4454-BA78-5F9EFA0724AE}.Release|Any CPU.ActiveCfg = Release|Any CPU
		{B42494D1-E1D8-4454-BA78-5F9EFA0724AE}.Release|Any CPU.Build.0 = Release|Any CPU
		{5F7D1BC4-6CC0-4B9D-A549-CB9C7FFDF0F0}.Debug|Any CPU.ActiveCfg = Debug|Any CPU
		{5F7D1BC4-6CC0-4B9D-A549-CB9C7FFDF0F0}.Debug|Any CPU.Build.0 = Debug|Any CPU
		{5F7D1BC4-6CC0-4B9D-A549-CB9C7FFDF0F0}.Release|Any CPU.ActiveCfg = Release|Any CPU
		{5F7D1BC4-6CC0-4B9D-A549-CB9C7FFDF0F0}.Release|Any CPU.Build.0 = Release|Any CPU
	EndGlobalSection
	GlobalSection(SolutionProperties) = preSolution
		HideSolutionNode = FALSE
	EndGlobalSection
	GlobalSection(ExtensibilityGlobals) = postSolution
		SolutionGuid = {2183ECB2-DE0F-4E20-873A-447265FC8636}
	EndGlobalSection
EndGlobal
